
Microsoft Visual Studio Solution File, Format Version 12.00
Project("{FAE04EC0-301F-11D3-BF4B-00C04F79EFBC}") = "calculator", "calculator\calculator.csproj", "{B0CB5C6B-7267-459A-8FDF-4F13588639ED}"
EndProject
Global
	GlobalSection(SolutionConfigurationPlatforms) = preSolution
		Debug|Any CPU = Debug|Any CPU
		Release|Any CPU = Release|Any CPU
	EndGlobalSection
	GlobalSection(ProjectConfigurationPlatforms) = postSolution
		{B0CB5C6B-7267-459A-8FDF-4F13588639ED}.Debug|Any CPU.ActiveCfg = Debug|Any CPU
		{B0CB5C6B-7267-459A-8FDF-4F13588639ED}.Debug|Any CPU.Build.0 = Debug|Any CPU
		{B0CB5C6B-7267-459A-8FDF-4F13588639ED}.Release|Any CPU.ActiveCfg = Release|Any CPU
		{B0CB5C6B-7267-459A-8FDF-4F13588639ED}.Release|Any CPU.Build.0 = Release|Any CPU
	EndGlobalSection
EndGlobal
